
Microsoft Visual Studio Solution File, Format Version 12.00
# Visual Studio Version 17
VisualStudioVersion = 17.4.33205.214
MinimumVisualStudioVersion = 10.0.40219.1
Project("{FAE04EC0-301F-11D3-BF4B-00C04F79EFBC}") = "WPFlakentaOhjelma", "WPFlakentaOhjelma\WPFlakentaOhjelma.csproj", "{1E3C1B1B-0CFB-448D-B936-9EFF09F1C2B7}"
EndProject
Project("{FAE04EC0-301F-11D3-BF4B-00C04F79EFBC}") = "LaskinTesti", "LaskinTesti\LaskinTesti.csproj", "{FDD00468-727D-4A73-8EF4-6BDCEE9019BF}"
EndProject
Global
	GlobalSection(SolutionConfigurationPlatforms) = preSolution
		Debug|Any CPU = Debug|Any CPU
		Release|Any CPU = Release|Any CPU
	EndGlobalSection
	GlobalSection(ProjectConfigurationPlatforms) = postSolution
		{1E3C1B1B-0CFB-448D-B936-9EFF09F1C2B7}.Debug|Any CPU.ActiveCfg = Debug|Any CPU
		{1E3C1B1B-0CFB-448D-B936-9EFF09F1C2B7}.Debug|Any CPU.Build.0 = Debug|Any CPU
		{1E3C1B1B-0CFB-448D-B936-9EFF09F1C2B7}.Release|Any CPU.ActiveCfg = Release|Any CPU
		{1E3C1B1B-0CFB-448D-B936-9EFF09F1C2B7}.Release|Any CPU.Build.0 = Release|Any CPU
		{FDD00468-727D-4A73-8EF4-6BDCEE9019BF}.Debug|Any CPU.ActiveCfg = Debug|Any CPU
		{FDD00468-727D-4A73-8EF4-6BDCEE9019BF}.Debug|Any CPU.Build.0 = Debug|Any CPU
		{FDD00468-727D-4A73-8EF4-6BDCEE9019BF}.Release|Any CPU.ActiveCfg = Release|Any CPU
		{FDD00468-727D-4A73-8EF4-6BDCEE9019BF}.Release|Any CPU.Build.0 = Release|Any CPU
	EndGlobalSection
	GlobalSection(SolutionProperties) = preSolution
		HideSolutionNode = FALSE
	EndGlobalSection
	GlobalSection(ExtensibilityGlobals) = postSolution
		SolutionGuid = {B9369044-6666-45A3-9C93-57451C7D4D7E}
	EndGlobalSection
EndGlobal
